
Microsoft Visual Studio Solution File, Format Version 12.00
# Visual Studio Version 16
VisualStudioVersion = 16.0.29728.190
MinimumVisualStudioVersion = 10.0.40219.1
Project("{FAE04EC0-301F-11D3-BF4B-00C04F79EFBC}") = "NoEatingSounds", "NoEatingSounds\NoEatingSounds.csproj", "{633C5177-57F7-4746-81D6-EF920939D3F3}"
EndProject
Project("{FAE04EC0-301F-11D3-BF4B-00C04F79EFBC}") = "BuilderModule", "BuilderModule\BuilderModule.csproj", "{99ED7304-8603-4A34-9CBA-A38557A64D00}"
EndProject
Project("{FAE04EC0-301F-11D3-BF4B-00C04F79EFBC}") = "Time Eternal", "Time Eternal\Time Eternal.csproj", "{4F991FD3-1A83-4057-91E2-B7E67097D612}"
EndProject
Project("{FAE04EC0-301F-11D3-BF4B-00C04F79EFBC}") = "All-Items-1x1", "All-Items-1x1\All-Items-1x1.csproj", "{42843B35-B64F-4A46-B314-B76066C2ECB0}"
EndProject
Project("{FAE04EC0-301F-11D3-BF4B-00C04F79EFBC}") = "BuildingTweaks", "BuildingTweaks\BuildingTweaks.csproj", "{B6A7966B-78AF-440C-A262-76AF9929E158}"
EndProject
Project("{FAE04EC0-301F-11D3-BF4B-00C04F79EFBC}") = "BetterACU", "BetterACU\BetterACU.csproj", "{F5703E25-99EC-4420-8F60-9C5AB7139602}"
EndProject
Project("{FAE04EC0-301F-11D3-BF4B-00C04F79EFBC}") = "SpecialtyManifold", "SpecialtyManifold\SpecialtyManifold.csproj", "{800D613A-0790-40E1-BF38-B4AB07BD7813}"
EndProject
Project("{FAE04EC0-301F-11D3-BF4B-00C04F79EFBC}") = "WarpersNoWarping", "WarpersNoWarping\WarpersNoWarping.csproj", "{EE814ABE-ADAF-4272-A614-EDE822ED9EBF}"
EndProject
Project("{FAE04EC0-301F-11D3-BF4B-00C04F79EFBC}") = "UnknownName", "UnkownName\UnknownName.csproj", "{2C0E7258-8B6E-4D88-9D7C-8C0D83AF824E}"
EndProject
Project("{FAE04EC0-301F-11D3-BF4B-00C04F79EFBC}") = "DropUpgradesOnDestroy", "DropUpgradesOnDestroy\DropUpgradesOnDestroy.csproj", "{B8542DD2-03F9-47AB-BBF9-CF099724776B}"
EndProject
Project("{FAE04EC0-301F-11D3-BF4B-00C04F79EFBC}") = "BuilderPlaceOnComplete", "BuilderPlaceOnComplete\BuilderPlaceOnComplete.csproj", "{5BF590C1-91DD-440D-83FD-51D71FB308A7}"
EndProject
Project("{FAE04EC0-301F-11D3-BF4B-00C04F79EFBC}") = "NoCrosshair", "NoCrosshair\NoCrosshair.csproj", "{0427286B-5896-4759-A2D5-267CA9D788B3}"
EndProject
Project("{FAE04EC0-301F-11D3-BF4B-00C04F79EFBC}") = "CopperFromScanning", "CopperFromScanning\CopperFromScanning.csproj", "{39D89138-712E-4904-AB9A-1F18AE384994}"
EndProject
Project("{2150E333-8FDC-42A3-9474-1A3956D46DE8}") = "Solution Items", "Solution Items", "{AA062622-A384-47D7-B9EA-87A9E8958E5A}"
	ProjectSection(SolutionItems) = preProject
		.editorconfig = .editorconfig
		GameDir.targets = GameDir.targets
	EndProjectSection
EndProject
Project("{FAE04EC0-301F-11D3-BF4B-00C04F79EFBC}") = "CustomHullPlates", "CustomHullPlates\CustomHullPlates.csproj", "{1862AEC1-34F6-48E8-A2E9-5CDCF1B140F3}"
EndProject
Project("{FAE04EC0-301F-11D3-BF4B-00C04F79EFBC}") = "CustomPosters", "CustomPosters\CustomPosters.csproj", "{E9F3907E-65B6-4C55-99A8-5141E3F48A94}"
EndProject
Project("{FAE04EC0-301F-11D3-BF4B-00C04F79EFBC}") = "IncreasedChunkDrops", "IncreasedChunkDrops\IncreasedChunkDrops.csproj", "{005B56E9-8AD6-4333-8351-378A5210D282}"
EndProject
Project("{FAE04EC0-301F-11D3-BF4B-00C04F79EFBC}") = "Increased Resource Spawns", "Increased Resource Spawns\Increased Resource Spawns.csproj", "{A934EAB2-DB38-4BBA-A455-12FE900C1C80}"
EndProject
Project("{FAE04EC0-301F-11D3-BF4B-00C04F79EFBC}") = "AquariumOverflow", "AquariumOverflow\AquariumOverflow.csproj", "{78E76141-C9C2-4663-AE3E-54F19C363A1D}"
EndProject
Project("{FAE04EC0-301F-11D3-BF4B-00C04F79EFBC}") = "CustomizeYourSpawns", "CustomizeYourSpawns\CustomizeYourSpawns.csproj", "{5F6292BB-185C-4276-A8B7-74C6151DA96D}"
EndProject
Project("{FAE04EC0-301F-11D3-BF4B-00C04F79EFBC}") = "ChargeRequired", "ChargeRequired\ChargeRequired.csproj", "{01F927B1-7979-4D9B-B242-4A368B71CDF8}"
EndProject
Project("{FAE04EC0-301F-11D3-BF4B-00C04F79EFBC}") = "CreaturesFleeLess", "CreaturesFleeLess\CreaturesFleeLess.csproj", "{B36386D8-531A-4FFA-A42B-7C44F74227DB}"
EndProject
Project("{FAE04EC0-301F-11D3-BF4B-00C04F79EFBC}") = "NoOxygenWarnings", "NoOxygenWarnings\NoOxygenWarnings.csproj", "{4C936D3D-10EA-4015-B7BA-E0727CBA8B36}"
EndProject
Project("{FAE04EC0-301F-11D3-BF4B-00C04F79EFBC}") = "ToolInspection", "ToolInspection\ToolInspection.csproj", "{E10DB4BE-812C-42A2-8ADC-7632F68D007D}"
EndProject
Project("{FAE04EC0-301F-11D3-BF4B-00C04F79EFBC}") = "PowerOrder", "PowerOrder\PowerOrder.csproj", "{7EA42ECB-7526-4DD9-A0E2-713F64F87192}"
EndProject
Project("{FAE04EC0-301F-11D3-BF4B-00C04F79EFBC}") = "ConfigurableChunkDrops", "ConfigurableChunkDrops\ConfigurableChunkDrops.csproj", "{CFD6344B-6DD6-46B9-86BF-2B44DDEC1F3C}"
EndProject
Project("{FAE04EC0-301F-11D3-BF4B-00C04F79EFBC}") = "MoreSeamothDepth", "SeamothDepthModules\MoreSeamothDepth.csproj", "{4F5CD7E3-9BD1-41CA-92AA-E630CAA83998}"
EndProject
Project("{FAE04EC0-301F-11D3-BF4B-00C04F79EFBC}") = "SeamothThermal", "SeamothThermal\SeamothThermal.csproj", "{BD784AF4-B1AA-48A6-B868-E395CA3A0B10}"
EndProject
Project("{FAE04EC0-301F-11D3-BF4B-00C04F79EFBC}") = "ExtraOptions", "ExtraOptions (SMLHelper)\ExtraOptions.csproj", "{AED78450-9AA7-4B26-9B72-FB6F83339350}"
EndProject
Project("{FAE04EC0-301F-11D3-BF4B-00C04F79EFBC}") = "CustomCommands", "CustomCommands\CustomCommands.csproj", "{89314C48-600C-4276-B0E6-460C30519A1D}"
EndProject
Project("{FAE04EC0-301F-11D3-BF4B-00C04F79EFBC}") = "RandomCreatureSize", "RandomCreatureSize\RandomCreatureSize.csproj", "{9303A649-2CB1-48D5-B251-672CC46C7835}"
EndProject
Project("{FAE04EC0-301F-11D3-BF4B-00C04F79EFBC}") = "TechPistol", "TechPistol\TechPistol.csproj", "{F5CDB7EB-E543-4BF6-A53E-2582237D2120}"
EndProject
Project("{FAE04EC0-301F-11D3-BF4B-00C04F79EFBC}") = "PersistentCommands", "PersistentCommands\PersistentCommands.csproj", "{38027216-ABB5-4E3C-9A6C-CA8315579910}"
EndProject
Project("{FAE04EC0-301F-11D3-BF4B-00C04F79EFBC}") = "ImprovedPowerNetwork", "ImprovedPowerNetwork\ImprovedPowerNetwork.csproj", "{B0D80171-445A-462B-8FFA-22363EB1ED72}"
EndProject
Project("{FAE04EC0-301F-11D3-BF4B-00C04F79EFBC}") = "UnobtaniumBatteries", "UnobtaniumBatteries\UnobtaniumBatteries.csproj", "{C0134F02-45C0-4301-8D59-5CBA72A5CD62}"
EndProject
Project("{FAE04EC0-301F-11D3-BF4B-00C04F79EFBC}") = "FabricatorNoAutoClose", "FabricatorNoAutoClose\FabricatorNoAutoClose.csproj", "{0C5B3784-00B2-4779-8E40-961964A245A7}"
EndProject
Project("{FAE04EC0-301F-11D3-BF4B-00C04F79EFBC}") = "NoMask", "NoMask\NoMask.csproj", "{9F0AE349-6A88-49D2-A5E5-A546A656FAC8}"
EndProject
Project("{FAE04EC0-301F-11D3-BF4B-00C04F79EFBC}") = "IslandCloudRemoval", "IslandCloudRemoval\IslandCloudRemoval.csproj", "{1D42B7A1-F38A-44C3-953C-B1722194EEF7}"
EndProject
Project("{FAE04EC0-301F-11D3-BF4B-00C04F79EFBC}") = "ScannableTimeCapsules", "ScannableTimeCapsules\ScannableTimeCapsules.csproj", "{A52702DF-8161-4435-B3F2-B44B2D047EB0}"
EndProject
Project("{FAE04EC0-301F-11D3-BF4B-00C04F79EFBC}") = "Base Legs Removal", "Base Legs Removal\Base Legs Removal.csproj", "{E5518231-00F5-473A-A545-47FDEF9BF604}"
EndProject
Project("{FAE04EC0-301F-11D3-BF4B-00C04F79EFBC}") = "Base Deconstruct Fix", "Base Deconstruct Fix\Base Deconstruct Fix.csproj", "{DCD591D8-8E05-4970-BF42-C5CFF13460F3}"
EndProject
Project("{FAE04EC0-301F-11D3-BF4B-00C04F79EFBC}") = "BaseKits", "BaseKits\BaseKits.csproj", "{0E41A954-92FC-4F7C-8BF3-BF915E99B65F}"
EndProject
Project("{FAE04EC0-301F-11D3-BF4B-00C04F79EFBC}") = "Keep Inventory On Death", "Keep_Inventory_On_Death\Keep Inventory On Death.csproj", "{622345CD-6789-4A2F-9072-6AEE9FF6776F}"
EndProject
Global
	GlobalSection(SolutionConfigurationPlatforms) = preSolution
		BZ.EXP|Any CPU = BZ.EXP|Any CPU
		BZ|Any CPU = BZ|Any CPU
		SN1.EXP|Any CPU = SN1.EXP|Any CPU
		SN1|Any CPU = SN1|Any CPU
	EndGlobalSection
	GlobalSection(ProjectConfigurationPlatforms) = postSolution
		{633C5177-57F7-4746-81D6-EF920939D3F3}.BZ.EXP|Any CPU.ActiveCfg = BZ.EXP|Any CPU
		{633C5177-57F7-4746-81D6-EF920939D3F3}.BZ|Any CPU.ActiveCfg = BZ|Any CPU
		{633C5177-57F7-4746-81D6-EF920939D3F3}.SN1.EXP|Any CPU.ActiveCfg = SN1.EXP|Any CPU
		{633C5177-57F7-4746-81D6-EF920939D3F3}.SN1.EXP|Any CPU.Build.0 = SN1.EXP|Any CPU
		{633C5177-57F7-4746-81D6-EF920939D3F3}.SN1|Any CPU.ActiveCfg = SN1|Any CPU
		{633C5177-57F7-4746-81D6-EF920939D3F3}.SN1|Any CPU.Build.0 = SN1|Any CPU
		{99ED7304-8603-4A34-9CBA-A38557A64D00}.BZ.EXP|Any CPU.ActiveCfg = BZ.EXP|Any CPU
		{99ED7304-8603-4A34-9CBA-A38557A64D00}.BZ.EXP|Any CPU.Build.0 = BZ.EXP|Any CPU
		{99ED7304-8603-4A34-9CBA-A38557A64D00}.BZ|Any CPU.ActiveCfg = BZ|Any CPU
		{99ED7304-8603-4A34-9CBA-A38557A64D00}.BZ|Any CPU.Build.0 = BZ|Any CPU
		{99ED7304-8603-4A34-9CBA-A38557A64D00}.SN1.EXP|Any CPU.ActiveCfg = SN1.EXP|Any CPU
		{99ED7304-8603-4A34-9CBA-A38557A64D00}.SN1.EXP|Any CPU.Build.0 = SN1.EXP|Any CPU
		{99ED7304-8603-4A34-9CBA-A38557A64D00}.SN1|Any CPU.ActiveCfg = SN1|Any CPU
		{99ED7304-8603-4A34-9CBA-A38557A64D00}.SN1|Any CPU.Build.0 = SN1|Any CPU
		{4F991FD3-1A83-4057-91E2-B7E67097D612}.BZ.EXP|Any CPU.ActiveCfg = BZ.EXP|Any CPU
		{4F991FD3-1A83-4057-91E2-B7E67097D612}.BZ.EXP|Any CPU.Build.0 = BZ.EXP|Any CPU
		{4F991FD3-1A83-4057-91E2-B7E67097D612}.BZ|Any CPU.ActiveCfg = BZ|Any CPU
		{4F991FD3-1A83-4057-91E2-B7E67097D612}.BZ|Any CPU.Build.0 = BZ|Any CPU
		{4F991FD3-1A83-4057-91E2-B7E67097D612}.SN1.EXP|Any CPU.ActiveCfg = SN1.EXP|Any CPU
		{4F991FD3-1A83-4057-91E2-B7E67097D612}.SN1.EXP|Any CPU.Build.0 = SN1.EXP|Any CPU
		{4F991FD3-1A83-4057-91E2-B7E67097D612}.SN1|Any CPU.ActiveCfg = SN1|Any CPU
		{4F991FD3-1A83-4057-91E2-B7E67097D612}.SN1|Any CPU.Build.0 = SN1|Any CPU
		{42843B35-B64F-4A46-B314-B76066C2ECB0}.BZ.EXP|Any CPU.ActiveCfg = BZ.EXP|Any CPU
		{42843B35-B64F-4A46-B314-B76066C2ECB0}.BZ.EXP|Any CPU.Build.0 = BZ.EXP|Any CPU
		{42843B35-B64F-4A46-B314-B76066C2ECB0}.BZ|Any CPU.ActiveCfg = BZ|Any CPU
		{42843B35-B64F-4A46-B314-B76066C2ECB0}.BZ|Any CPU.Build.0 = BZ|Any CPU
		{42843B35-B64F-4A46-B314-B76066C2ECB0}.SN1.EXP|Any CPU.ActiveCfg = SN1.EXP|Any CPU
		{42843B35-B64F-4A46-B314-B76066C2ECB0}.SN1.EXP|Any CPU.Build.0 = SN1.EXP|Any CPU
		{42843B35-B64F-4A46-B314-B76066C2ECB0}.SN1|Any CPU.ActiveCfg = SN1|Any CPU
		{42843B35-B64F-4A46-B314-B76066C2ECB0}.SN1|Any CPU.Build.0 = SN1|Any CPU
		{B6A7966B-78AF-440C-A262-76AF9929E158}.BZ.EXP|Any CPU.ActiveCfg = BZ.EXP|Any CPU
		{B6A7966B-78AF-440C-A262-76AF9929E158}.BZ.EXP|Any CPU.Build.0 = BZ.EXP|Any CPU
		{B6A7966B-78AF-440C-A262-76AF9929E158}.BZ|Any CPU.ActiveCfg = BZ|Any CPU
		{B6A7966B-78AF-440C-A262-76AF9929E158}.BZ|Any CPU.Build.0 = BZ|Any CPU
		{B6A7966B-78AF-440C-A262-76AF9929E158}.SN1.EXP|Any CPU.ActiveCfg = SN1.EXP|Any CPU
		{B6A7966B-78AF-440C-A262-76AF9929E158}.SN1.EXP|Any CPU.Build.0 = SN1.EXP|Any CPU
		{B6A7966B-78AF-440C-A262-76AF9929E158}.SN1|Any CPU.ActiveCfg = SN1|Any CPU
		{B6A7966B-78AF-440C-A262-76AF9929E158}.SN1|Any CPU.Build.0 = SN1|Any CPU
		{F5703E25-99EC-4420-8F60-9C5AB7139602}.BZ.EXP|Any CPU.ActiveCfg = BZ.EXP|Any CPU
		{F5703E25-99EC-4420-8F60-9C5AB7139602}.BZ.EXP|Any CPU.Build.0 = BZ.EXP|Any CPU
		{F5703E25-99EC-4420-8F60-9C5AB7139602}.BZ|Any CPU.ActiveCfg = BZ|Any CPU
		{F5703E25-99EC-4420-8F60-9C5AB7139602}.BZ|Any CPU.Build.0 = BZ|Any CPU
		{F5703E25-99EC-4420-8F60-9C5AB7139602}.SN1.EXP|Any CPU.ActiveCfg = SN1.EXP|Any CPU
		{F5703E25-99EC-4420-8F60-9C5AB7139602}.SN1.EXP|Any CPU.Build.0 = SN1.EXP|Any CPU
		{F5703E25-99EC-4420-8F60-9C5AB7139602}.SN1|Any CPU.ActiveCfg = SN1|Any CPU
		{F5703E25-99EC-4420-8F60-9C5AB7139602}.SN1|Any CPU.Build.0 = SN1|Any CPU
		{800D613A-0790-40E1-BF38-B4AB07BD7813}.BZ.EXP|Any CPU.ActiveCfg = BZ.EXP|Any CPU
		{800D613A-0790-40E1-BF38-B4AB07BD7813}.BZ|Any CPU.ActiveCfg = BZ|Any CPU
		{800D613A-0790-40E1-BF38-B4AB07BD7813}.SN1.EXP|Any CPU.ActiveCfg = SN1.EXP|Any CPU
		{800D613A-0790-40E1-BF38-B4AB07BD7813}.SN1|Any CPU.ActiveCfg = SN1|Any CPU
		{800D613A-0790-40E1-BF38-B4AB07BD7813}.SN1|Any CPU.Build.0 = SN1|Any CPU
		{EE814ABE-ADAF-4272-A614-EDE822ED9EBF}.BZ.EXP|Any CPU.ActiveCfg = BZ.EXP|Any CPU
		{EE814ABE-ADAF-4272-A614-EDE822ED9EBF}.BZ|Any CPU.ActiveCfg = BZ|Any CPU
		{EE814ABE-ADAF-4272-A614-EDE822ED9EBF}.SN1.EXP|Any CPU.ActiveCfg = SN1.EXP|Any CPU
		{EE814ABE-ADAF-4272-A614-EDE822ED9EBF}.SN1.EXP|Any CPU.Build.0 = SN1.EXP|Any CPU
		{EE814ABE-ADAF-4272-A614-EDE822ED9EBF}.SN1|Any CPU.ActiveCfg = SN1|Any CPU
		{EE814ABE-ADAF-4272-A614-EDE822ED9EBF}.SN1|Any CPU.Build.0 = SN1|Any CPU
		{2C0E7258-8B6E-4D88-9D7C-8C0D83AF824E}.BZ.EXP|Any CPU.ActiveCfg = BZ.EXP|Any CPU
		{2C0E7258-8B6E-4D88-9D7C-8C0D83AF824E}.BZ.EXP|Any CPU.Build.0 = BZ.EXP|Any CPU
		{2C0E7258-8B6E-4D88-9D7C-8C0D83AF824E}.BZ|Any CPU.ActiveCfg = BZ|Any CPU
		{2C0E7258-8B6E-4D88-9D7C-8C0D83AF824E}.BZ|Any CPU.Build.0 = BZ|Any CPU
		{2C0E7258-8B6E-4D88-9D7C-8C0D83AF824E}.SN1.EXP|Any CPU.ActiveCfg = SN1.EXP|Any CPU
		{2C0E7258-8B6E-4D88-9D7C-8C0D83AF824E}.SN1.EXP|Any CPU.Build.0 = SN1.EXP|Any CPU
		{2C0E7258-8B6E-4D88-9D7C-8C0D83AF824E}.SN1|Any CPU.ActiveCfg = SN1|Any CPU
		{2C0E7258-8B6E-4D88-9D7C-8C0D83AF824E}.SN1|Any CPU.Build.0 = SN1|Any CPU
		{B8542DD2-03F9-47AB-BBF9-CF099724776B}.BZ.EXP|Any CPU.ActiveCfg = BZ.EXP|Any CPU
		{B8542DD2-03F9-47AB-BBF9-CF099724776B}.BZ.EXP|Any CPU.Build.0 = BZ.EXP|Any CPU
		{B8542DD2-03F9-47AB-BBF9-CF099724776B}.BZ|Any CPU.ActiveCfg = BZ|Any CPU
		{B8542DD2-03F9-47AB-BBF9-CF099724776B}.BZ|Any CPU.Build.0 = BZ|Any CPU
		{B8542DD2-03F9-47AB-BBF9-CF099724776B}.SN1.EXP|Any CPU.ActiveCfg = SN1.EXP|Any CPU
		{B8542DD2-03F9-47AB-BBF9-CF099724776B}.SN1.EXP|Any CPU.Build.0 = SN1.EXP|Any CPU
		{B8542DD2-03F9-47AB-BBF9-CF099724776B}.SN1|Any CPU.ActiveCfg = SN1|Any CPU
		{B8542DD2-03F9-47AB-BBF9-CF099724776B}.SN1|Any CPU.Build.0 = SN1|Any CPU
		{5BF590C1-91DD-440D-83FD-51D71FB308A7}.BZ.EXP|Any CPU.ActiveCfg = BZ.EXP|Any CPU
		{5BF590C1-91DD-440D-83FD-51D71FB308A7}.BZ|Any CPU.ActiveCfg = BZ|Any CPU
		{5BF590C1-91DD-440D-83FD-51D71FB308A7}.SN1.EXP|Any CPU.ActiveCfg = SN1.EXP|Any CPU
		{5BF590C1-91DD-440D-83FD-51D71FB308A7}.SN1.EXP|Any CPU.Build.0 = SN1.EXP|Any CPU
		{5BF590C1-91DD-440D-83FD-51D71FB308A7}.SN1|Any CPU.ActiveCfg = SN1|Any CPU
		{5BF590C1-91DD-440D-83FD-51D71FB308A7}.SN1|Any CPU.Build.0 = SN1|Any CPU
		{0427286B-5896-4759-A2D5-267CA9D788B3}.BZ.EXP|Any CPU.ActiveCfg = BZ.EXP|Any CPU
		{0427286B-5896-4759-A2D5-267CA9D788B3}.BZ.EXP|Any CPU.Build.0 = BZ.EXP|Any CPU
		{0427286B-5896-4759-A2D5-267CA9D788B3}.BZ|Any CPU.ActiveCfg = BZ|Any CPU
		{0427286B-5896-4759-A2D5-267CA9D788B3}.BZ|Any CPU.Build.0 = BZ|Any CPU
		{0427286B-5896-4759-A2D5-267CA9D788B3}.SN1.EXP|Any CPU.ActiveCfg = SN1.EXP|Any CPU
		{0427286B-5896-4759-A2D5-267CA9D788B3}.SN1.EXP|Any CPU.Build.0 = SN1.EXP|Any CPU
		{0427286B-5896-4759-A2D5-267CA9D788B3}.SN1|Any CPU.ActiveCfg = SN1|Any CPU
		{0427286B-5896-4759-A2D5-267CA9D788B3}.SN1|Any CPU.Build.0 = SN1|Any CPU
		{39D89138-712E-4904-AB9A-1F18AE384994}.BZ.EXP|Any CPU.ActiveCfg = BZ.EXP|Any CPU
		{39D89138-712E-4904-AB9A-1F18AE384994}.BZ.EXP|Any CPU.Build.0 = BZ.EXP|Any CPU
		{39D89138-712E-4904-AB9A-1F18AE384994}.BZ|Any CPU.ActiveCfg = BZ|Any CPU
		{39D89138-712E-4904-AB9A-1F18AE384994}.BZ|Any CPU.Build.0 = BZ|Any CPU
		{39D89138-712E-4904-AB9A-1F18AE384994}.SN1.EXP|Any CPU.ActiveCfg = SN1.EXP|Any CPU
		{39D89138-712E-4904-AB9A-1F18AE384994}.SN1.EXP|Any CPU.Build.0 = SN1.EXP|Any CPU
		{39D89138-712E-4904-AB9A-1F18AE384994}.SN1|Any CPU.ActiveCfg = SN1|Any CPU
		{39D89138-712E-4904-AB9A-1F18AE384994}.SN1|Any CPU.Build.0 = SN1|Any CPU
		{1862AEC1-34F6-48E8-A2E9-5CDCF1B140F3}.BZ.EXP|Any CPU.ActiveCfg = BZ.EXP|Any CPU
		{1862AEC1-34F6-48E8-A2E9-5CDCF1B140F3}.BZ.EXP|Any CPU.Build.0 = BZ.EXP|Any CPU
		{1862AEC1-34F6-48E8-A2E9-5CDCF1B140F3}.BZ|Any CPU.ActiveCfg = BZ|Any CPU
		{1862AEC1-34F6-48E8-A2E9-5CDCF1B140F3}.BZ|Any CPU.Build.0 = BZ|Any CPU
		{1862AEC1-34F6-48E8-A2E9-5CDCF1B140F3}.SN1.EXP|Any CPU.ActiveCfg = SN1.EXP|Any CPU
		{1862AEC1-34F6-48E8-A2E9-5CDCF1B140F3}.SN1.EXP|Any CPU.Build.0 = SN1.EXP|Any CPU
		{1862AEC1-34F6-48E8-A2E9-5CDCF1B140F3}.SN1|Any CPU.ActiveCfg = SN1|Any CPU
		{1862AEC1-34F6-48E8-A2E9-5CDCF1B140F3}.SN1|Any CPU.Build.0 = SN1|Any CPU
		{E9F3907E-65B6-4C55-99A8-5141E3F48A94}.BZ.EXP|Any CPU.ActiveCfg = BZ.EXP|Any CPU
		{E9F3907E-65B6-4C55-99A8-5141E3F48A94}.BZ.EXP|Any CPU.Build.0 = BZ.EXP|Any CPU
		{E9F3907E-65B6-4C55-99A8-5141E3F48A94}.BZ|Any CPU.ActiveCfg = BZ|Any CPU
		{E9F3907E-65B6-4C55-99A8-5141E3F48A94}.BZ|Any CPU.Build.0 = BZ|Any CPU
		{E9F3907E-65B6-4C55-99A8-5141E3F48A94}.SN1.EXP|Any CPU.ActiveCfg = SN1.EXP|Any CPU
		{E9F3907E-65B6-4C55-99A8-5141E3F48A94}.SN1.EXP|Any CPU.Build.0 = SN1.EXP|Any CPU
		{E9F3907E-65B6-4C55-99A8-5141E3F48A94}.SN1|Any CPU.ActiveCfg = SN1|Any CPU
		{E9F3907E-65B6-4C55-99A8-5141E3F48A94}.SN1|Any CPU.Build.0 = SN1|Any CPU
		{005B56E9-8AD6-4333-8351-378A5210D282}.BZ.EXP|Any CPU.ActiveCfg = BZ.EXP|Any CPU
		{005B56E9-8AD6-4333-8351-378A5210D282}.BZ|Any CPU.ActiveCfg = BZ|Any CPU
		{005B56E9-8AD6-4333-8351-378A5210D282}.BZ|Any CPU.Build.0 = BZ|Any CPU
		{005B56E9-8AD6-4333-8351-378A5210D282}.SN1.EXP|Any CPU.ActiveCfg = SN1.EXP|Any CPU
		{005B56E9-8AD6-4333-8351-378A5210D282}.SN1.EXP|Any CPU.Build.0 = SN1.EXP|Any CPU
		{005B56E9-8AD6-4333-8351-378A5210D282}.SN1|Any CPU.ActiveCfg = SN1|Any CPU
		{005B56E9-8AD6-4333-8351-378A5210D282}.SN1|Any CPU.Build.0 = SN1|Any CPU
		{A934EAB2-DB38-4BBA-A455-12FE900C1C80}.BZ.EXP|Any CPU.ActiveCfg = BZ.EXP|Any CPU
		{A934EAB2-DB38-4BBA-A455-12FE900C1C80}.BZ.EXP|Any CPU.Build.0 = BZ.EXP|Any CPU
		{A934EAB2-DB38-4BBA-A455-12FE900C1C80}.BZ|Any CPU.ActiveCfg = BZ|Any CPU
		{A934EAB2-DB38-4BBA-A455-12FE900C1C80}.BZ|Any CPU.Build.0 = BZ|Any CPU
		{A934EAB2-DB38-4BBA-A455-12FE900C1C80}.SN1.EXP|Any CPU.ActiveCfg = SN1.EXP|Any CPU
		{A934EAB2-DB38-4BBA-A455-12FE900C1C80}.SN1.EXP|Any CPU.Build.0 = SN1.EXP|Any CPU
		{A934EAB2-DB38-4BBA-A455-12FE900C1C80}.SN1|Any CPU.ActiveCfg = SN1|Any CPU
		{A934EAB2-DB38-4BBA-A455-12FE900C1C80}.SN1|Any CPU.Build.0 = SN1|Any CPU
		{78E76141-C9C2-4663-AE3E-54F19C363A1D}.BZ.EXP|Any CPU.ActiveCfg = BZ.EXP|Any CPU
		{78E76141-C9C2-4663-AE3E-54F19C363A1D}.BZ|Any CPU.ActiveCfg = BZ|Any CPU
		{78E76141-C9C2-4663-AE3E-54F19C363A1D}.SN1.EXP|Any CPU.ActiveCfg = SN1.EXP|Any CPU
		{78E76141-C9C2-4663-AE3E-54F19C363A1D}.SN1|Any CPU.ActiveCfg = SN1|Any CPU
		{78E76141-C9C2-4663-AE3E-54F19C363A1D}.SN1|Any CPU.Build.0 = SN1|Any CPU
		{5F6292BB-185C-4276-A8B7-74C6151DA96D}.BZ.EXP|Any CPU.ActiveCfg = BZ.EXP|Any CPU
		{5F6292BB-185C-4276-A8B7-74C6151DA96D}.BZ.EXP|Any CPU.Build.0 = BZ.EXP|Any CPU
		{5F6292BB-185C-4276-A8B7-74C6151DA96D}.BZ|Any CPU.ActiveCfg = BZ|Any CPU
		{5F6292BB-185C-4276-A8B7-74C6151DA96D}.BZ|Any CPU.Build.0 = BZ|Any CPU
		{5F6292BB-185C-4276-A8B7-74C6151DA96D}.SN1.EXP|Any CPU.ActiveCfg = SN1.EXP|Any CPU
		{5F6292BB-185C-4276-A8B7-74C6151DA96D}.SN1.EXP|Any CPU.Build.0 = SN1.EXP|Any CPU
		{5F6292BB-185C-4276-A8B7-74C6151DA96D}.SN1|Any CPU.ActiveCfg = SN1|Any CPU
		{5F6292BB-185C-4276-A8B7-74C6151DA96D}.SN1|Any CPU.Build.0 = SN1|Any CPU
		{01F927B1-7979-4D9B-B242-4A368B71CDF8}.BZ.EXP|Any CPU.ActiveCfg = BZ.EXP|Any CPU
		{01F927B1-7979-4D9B-B242-4A368B71CDF8}.BZ.EXP|Any CPU.Build.0 = BZ.EXP|Any CPU
		{01F927B1-7979-4D9B-B242-4A368B71CDF8}.BZ|Any CPU.ActiveCfg = BZ|Any CPU
		{01F927B1-7979-4D9B-B242-4A368B71CDF8}.BZ|Any CPU.Build.0 = BZ|Any CPU
		{01F927B1-7979-4D9B-B242-4A368B71CDF8}.SN1.EXP|Any CPU.ActiveCfg = SN1.EXP|Any CPU
		{01F927B1-7979-4D9B-B242-4A368B71CDF8}.SN1.EXP|Any CPU.Build.0 = SN1.EXP|Any CPU
		{01F927B1-7979-4D9B-B242-4A368B71CDF8}.SN1|Any CPU.ActiveCfg = SN1|Any CPU
		{01F927B1-7979-4D9B-B242-4A368B71CDF8}.SN1|Any CPU.Build.0 = SN1|Any CPU
		{B36386D8-531A-4FFA-A42B-7C44F74227DB}.BZ.EXP|Any CPU.ActiveCfg = BZ.EXP|Any CPU
		{B36386D8-531A-4FFA-A42B-7C44F74227DB}.BZ.EXP|Any CPU.Build.0 = BZ.EXP|Any CPU
		{B36386D8-531A-4FFA-A42B-7C44F74227DB}.BZ|Any CPU.ActiveCfg = BZ|Any CPU
		{B36386D8-531A-4FFA-A42B-7C44F74227DB}.BZ|Any CPU.Build.0 = BZ|Any CPU
		{B36386D8-531A-4FFA-A42B-7C44F74227DB}.SN1.EXP|Any CPU.ActiveCfg = SN1.EXP|Any CPU
		{B36386D8-531A-4FFA-A42B-7C44F74227DB}.SN1.EXP|Any CPU.Build.0 = SN1.EXP|Any CPU
		{B36386D8-531A-4FFA-A42B-7C44F74227DB}.SN1|Any CPU.ActiveCfg = SN1|Any CPU
		{B36386D8-531A-4FFA-A42B-7C44F74227DB}.SN1|Any CPU.Build.0 = SN1|Any CPU
		{4C936D3D-10EA-4015-B7BA-E0727CBA8B36}.BZ.EXP|Any CPU.ActiveCfg = BZ.EXP|Any CPU
		{4C936D3D-10EA-4015-B7BA-E0727CBA8B36}.BZ.EXP|Any CPU.Build.0 = BZ.EXP|Any CPU
		{4C936D3D-10EA-4015-B7BA-E0727CBA8B36}.BZ|Any CPU.ActiveCfg = BZ|Any CPU
		{4C936D3D-10EA-4015-B7BA-E0727CBA8B36}.BZ|Any CPU.Build.0 = BZ|Any CPU
		{4C936D3D-10EA-4015-B7BA-E0727CBA8B36}.SN1.EXP|Any CPU.ActiveCfg = SN1.EXP|Any CPU
		{4C936D3D-10EA-4015-B7BA-E0727CBA8B36}.SN1.EXP|Any CPU.Build.0 = SN1.EXP|Any CPU
		{4C936D3D-10EA-4015-B7BA-E0727CBA8B36}.SN1|Any CPU.ActiveCfg = SN1|Any CPU
		{4C936D3D-10EA-4015-B7BA-E0727CBA8B36}.SN1|Any CPU.Build.0 = SN1|Any CPU
		{E10DB4BE-812C-42A2-8ADC-7632F68D007D}.BZ.EXP|Any CPU.ActiveCfg = BZ.EXP|Any CPU
		{E10DB4BE-812C-42A2-8ADC-7632F68D007D}.BZ.EXP|Any CPU.Build.0 = BZ.EXP|Any CPU
		{E10DB4BE-812C-42A2-8ADC-7632F68D007D}.BZ|Any CPU.ActiveCfg = BZ|Any CPU
		{E10DB4BE-812C-42A2-8ADC-7632F68D007D}.BZ|Any CPU.Build.0 = BZ|Any CPU
		{E10DB4BE-812C-42A2-8ADC-7632F68D007D}.SN1.EXP|Any CPU.ActiveCfg = SN1.EXP|Any CPU
		{E10DB4BE-812C-42A2-8ADC-7632F68D007D}.SN1.EXP|Any CPU.Build.0 = SN1.EXP|Any CPU
		{E10DB4BE-812C-42A2-8ADC-7632F68D007D}.SN1|Any CPU.ActiveCfg = SN1|Any CPU
		{E10DB4BE-812C-42A2-8ADC-7632F68D007D}.SN1|Any CPU.Build.0 = SN1|Any CPU
		{7EA42ECB-7526-4DD9-A0E2-713F64F87192}.BZ.EXP|Any CPU.ActiveCfg = BZ.EXP|Any CPU
		{7EA42ECB-7526-4DD9-A0E2-713F64F87192}.BZ.EXP|Any CPU.Build.0 = BZ.EXP|Any CPU
		{7EA42ECB-7526-4DD9-A0E2-713F64F87192}.BZ|Any CPU.ActiveCfg = BZ|Any CPU
		{7EA42ECB-7526-4DD9-A0E2-713F64F87192}.BZ|Any CPU.Build.0 = BZ|Any CPU
		{7EA42ECB-7526-4DD9-A0E2-713F64F87192}.SN1.EXP|Any CPU.ActiveCfg = SN1.EXP|Any CPU
		{7EA42ECB-7526-4DD9-A0E2-713F64F87192}.SN1.EXP|Any CPU.Build.0 = SN1.EXP|Any CPU
		{7EA42ECB-7526-4DD9-A0E2-713F64F87192}.SN1|Any CPU.ActiveCfg = SN1|Any CPU
		{7EA42ECB-7526-4DD9-A0E2-713F64F87192}.SN1|Any CPU.Build.0 = SN1|Any CPU
		{CFD6344B-6DD6-46B9-86BF-2B44DDEC1F3C}.BZ.EXP|Any CPU.ActiveCfg = BZ.EXP|Any CPU
		{CFD6344B-6DD6-46B9-86BF-2B44DDEC1F3C}.BZ|Any CPU.ActiveCfg = BZ|Any CPU
		{CFD6344B-6DD6-46B9-86BF-2B44DDEC1F3C}.BZ|Any CPU.Build.0 = BZ|Any CPU
		{CFD6344B-6DD6-46B9-86BF-2B44DDEC1F3C}.SN1.EXP|Any CPU.ActiveCfg = SN1.EXP|Any CPU
		{CFD6344B-6DD6-46B9-86BF-2B44DDEC1F3C}.SN1.EXP|Any CPU.Build.0 = SN1.EXP|Any CPU
		{CFD6344B-6DD6-46B9-86BF-2B44DDEC1F3C}.SN1|Any CPU.ActiveCfg = SN1|Any CPU
		{CFD6344B-6DD6-46B9-86BF-2B44DDEC1F3C}.SN1|Any CPU.Build.0 = SN1|Any CPU
		{4F5CD7E3-9BD1-41CA-92AA-E630CAA83998}.BZ.EXP|Any CPU.ActiveCfg = BZ.EXP|Any CPU
		{4F5CD7E3-9BD1-41CA-92AA-E630CAA83998}.BZ|Any CPU.ActiveCfg = BZ|Any CPU
		{4F5CD7E3-9BD1-41CA-92AA-E630CAA83998}.SN1.EXP|Any CPU.ActiveCfg = SN1.EXP|Any CPU
		{4F5CD7E3-9BD1-41CA-92AA-E630CAA83998}.SN1.EXP|Any CPU.Build.0 = SN1.EXP|Any CPU
		{4F5CD7E3-9BD1-41CA-92AA-E630CAA83998}.SN1|Any CPU.ActiveCfg = SN1|Any CPU
		{4F5CD7E3-9BD1-41CA-92AA-E630CAA83998}.SN1|Any CPU.Build.0 = SN1|Any CPU
		{BD784AF4-B1AA-48A6-B868-E395CA3A0B10}.BZ.EXP|Any CPU.ActiveCfg = BZ.EXP|Any CPU
		{BD784AF4-B1AA-48A6-B868-E395CA3A0B10}.BZ|Any CPU.ActiveCfg = BZ|Any CPU
		{BD784AF4-B1AA-48A6-B868-E395CA3A0B10}.SN1.EXP|Any CPU.ActiveCfg = SN1.EXP|Any CPU
		{BD784AF4-B1AA-48A6-B868-E395CA3A0B10}.SN1.EXP|Any CPU.Build.0 = SN1.EXP|Any CPU
		{BD784AF4-B1AA-48A6-B868-E395CA3A0B10}.SN1|Any CPU.ActiveCfg = SN1|Any CPU
		{BD784AF4-B1AA-48A6-B868-E395CA3A0B10}.SN1|Any CPU.Build.0 = SN1|Any CPU
		{AED78450-9AA7-4B26-9B72-FB6F83339350}.BZ.EXP|Any CPU.ActiveCfg = BZ.EXP|Any CPU
		{AED78450-9AA7-4B26-9B72-FB6F83339350}.BZ.EXP|Any CPU.Build.0 = BZ.EXP|Any CPU
		{AED78450-9AA7-4B26-9B72-FB6F83339350}.BZ|Any CPU.ActiveCfg = BZ|Any CPU
		{AED78450-9AA7-4B26-9B72-FB6F83339350}.BZ|Any CPU.Build.0 = BZ|Any CPU
		{AED78450-9AA7-4B26-9B72-FB6F83339350}.SN1.EXP|Any CPU.ActiveCfg = SN1.EXP|Any CPU
		{AED78450-9AA7-4B26-9B72-FB6F83339350}.SN1.EXP|Any CPU.Build.0 = SN1.EXP|Any CPU
		{AED78450-9AA7-4B26-9B72-FB6F83339350}.SN1|Any CPU.ActiveCfg = SN1|Any CPU
		{AED78450-9AA7-4B26-9B72-FB6F83339350}.SN1|Any CPU.Build.0 = SN1|Any CPU
		{89314C48-600C-4276-B0E6-460C30519A1D}.BZ.EXP|Any CPU.ActiveCfg = BZ.EXP|Any CPU
		{89314C48-600C-4276-B0E6-460C30519A1D}.BZ.EXP|Any CPU.Build.0 = BZ.EXP|Any CPU
		{89314C48-600C-4276-B0E6-460C30519A1D}.BZ|Any CPU.ActiveCfg = BZ|Any CPU
		{89314C48-600C-4276-B0E6-460C30519A1D}.BZ|Any CPU.Build.0 = BZ|Any CPU
		{89314C48-600C-4276-B0E6-460C30519A1D}.SN1.EXP|Any CPU.ActiveCfg = SN1.EXP|Any CPU
		{89314C48-600C-4276-B0E6-460C30519A1D}.SN1.EXP|Any CPU.Build.0 = SN1.EXP|Any CPU
		{89314C48-600C-4276-B0E6-460C30519A1D}.SN1|Any CPU.ActiveCfg = SN1|Any CPU
		{89314C48-600C-4276-B0E6-460C30519A1D}.SN1|Any CPU.Build.0 = SN1|Any CPU
		{9303A649-2CB1-48D5-B251-672CC46C7835}.BZ.EXP|Any CPU.ActiveCfg = BZ.EXP|Any CPU
		{9303A649-2CB1-48D5-B251-672CC46C7835}.BZ.EXP|Any CPU.Build.0 = BZ.EXP|Any CPU
		{9303A649-2CB1-48D5-B251-672CC46C7835}.BZ|Any CPU.ActiveCfg = BZ|Any CPU
		{9303A649-2CB1-48D5-B251-672CC46C7835}.BZ|Any CPU.Build.0 = BZ|Any CPU
		{9303A649-2CB1-48D5-B251-672CC46C7835}.SN1.EXP|Any CPU.ActiveCfg = SN1.EXP|Any CPU
		{9303A649-2CB1-48D5-B251-672CC46C7835}.SN1.EXP|Any CPU.Build.0 = SN1.EXP|Any CPU
		{9303A649-2CB1-48D5-B251-672CC46C7835}.SN1|Any CPU.ActiveCfg = SN1|Any CPU
		{9303A649-2CB1-48D5-B251-672CC46C7835}.SN1|Any CPU.Build.0 = SN1|Any CPU
		{F5CDB7EB-E543-4BF6-A53E-2582237D2120}.BZ.EXP|Any CPU.ActiveCfg = BZ.EXP|Any CPU
		{F5CDB7EB-E543-4BF6-A53E-2582237D2120}.BZ.EXP|Any CPU.Build.0 = BZ.EXP|Any CPU
		{F5CDB7EB-E543-4BF6-A53E-2582237D2120}.BZ|Any CPU.ActiveCfg = BZ|Any CPU
		{F5CDB7EB-E543-4BF6-A53E-2582237D2120}.BZ|Any CPU.Build.0 = BZ|Any CPU
		{F5CDB7EB-E543-4BF6-A53E-2582237D2120}.SN1.EXP|Any CPU.ActiveCfg = SN1.EXP|Any CPU
		{F5CDB7EB-E543-4BF6-A53E-2582237D2120}.SN1.EXP|Any CPU.Build.0 = SN1.EXP|Any CPU
		{F5CDB7EB-E543-4BF6-A53E-2582237D2120}.SN1|Any CPU.ActiveCfg = SN1|Any CPU
		{F5CDB7EB-E543-4BF6-A53E-2582237D2120}.SN1|Any CPU.Build.0 = SN1|Any CPU
		{38027216-ABB5-4E3C-9A6C-CA8315579910}.BZ.EXP|Any CPU.ActiveCfg = BZ.EXP|Any CPU
		{38027216-ABB5-4E3C-9A6C-CA8315579910}.BZ.EXP|Any CPU.Build.0 = BZ.EXP|Any CPU
		{38027216-ABB5-4E3C-9A6C-CA8315579910}.BZ|Any CPU.ActiveCfg = BZ|Any CPU
		{38027216-ABB5-4E3C-9A6C-CA8315579910}.BZ|Any CPU.Build.0 = BZ|Any CPU
		{38027216-ABB5-4E3C-9A6C-CA8315579910}.SN1.EXP|Any CPU.ActiveCfg = SN1.EXP|Any CPU
		{38027216-ABB5-4E3C-9A6C-CA8315579910}.SN1.EXP|Any CPU.Build.0 = SN1.EXP|Any CPU
		{38027216-ABB5-4E3C-9A6C-CA8315579910}.SN1|Any CPU.ActiveCfg = SN1|Any CPU
		{38027216-ABB5-4E3C-9A6C-CA8315579910}.SN1|Any CPU.Build.0 = SN1|Any CPU
		{B0D80171-445A-462B-8FFA-22363EB1ED72}.BZ.EXP|Any CPU.ActiveCfg = BZ.EXP|Any CPU
		{B0D80171-445A-462B-8FFA-22363EB1ED72}.BZ.EXP|Any CPU.Build.0 = BZ.EXP|Any CPU
		{B0D80171-445A-462B-8FFA-22363EB1ED72}.BZ|Any CPU.ActiveCfg = BZ|Any CPU
		{B0D80171-445A-462B-8FFA-22363EB1ED72}.BZ|Any CPU.Build.0 = BZ|Any CPU
		{B0D80171-445A-462B-8FFA-22363EB1ED72}.SN1.EXP|Any CPU.ActiveCfg = SN1.EXP|Any CPU
		{B0D80171-445A-462B-8FFA-22363EB1ED72}.SN1.EXP|Any CPU.Build.0 = SN1.EXP|Any CPU
		{B0D80171-445A-462B-8FFA-22363EB1ED72}.SN1|Any CPU.ActiveCfg = SN1|Any CPU
		{B0D80171-445A-462B-8FFA-22363EB1ED72}.SN1|Any CPU.Build.0 = SN1|Any CPU
		{C0134F02-45C0-4301-8D59-5CBA72A5CD62}.BZ.EXP|Any CPU.ActiveCfg = BZ.EXP|Any CPU
		{C0134F02-45C0-4301-8D59-5CBA72A5CD62}.BZ|Any CPU.ActiveCfg = BZ|Any CPU
		{C0134F02-45C0-4301-8D59-5CBA72A5CD62}.SN1.EXP|Any CPU.ActiveCfg = SN1.EXP|Any CPU
		{C0134F02-45C0-4301-8D59-5CBA72A5CD62}.SN1|Any CPU.ActiveCfg = SN1|Any CPU
		{C0134F02-45C0-4301-8D59-5CBA72A5CD62}.SN1|Any CPU.Build.0 = SN1|Any CPU
		{0C5B3784-00B2-4779-8E40-961964A245A7}.BZ.EXP|Any CPU.ActiveCfg = BZ.EXP|Any CPU
		{0C5B3784-00B2-4779-8E40-961964A245A7}.BZ.EXP|Any CPU.Build.0 = BZ.EXP|Any CPU
		{0C5B3784-00B2-4779-8E40-961964A245A7}.BZ|Any CPU.ActiveCfg = BZ|Any CPU
		{0C5B3784-00B2-4779-8E40-961964A245A7}.BZ|Any CPU.Build.0 = BZ|Any CPU
		{0C5B3784-00B2-4779-8E40-961964A245A7}.SN1.EXP|Any CPU.ActiveCfg = SN1.EXP|Any CPU
		{0C5B3784-00B2-4779-8E40-961964A245A7}.SN1.EXP|Any CPU.Build.0 = SN1.EXP|Any CPU
		{0C5B3784-00B2-4779-8E40-961964A245A7}.SN1|Any CPU.ActiveCfg = SN1|Any CPU
		{0C5B3784-00B2-4779-8E40-961964A245A7}.SN1|Any CPU.Build.0 = SN1|Any CPU
		{9F0AE349-6A88-49D2-A5E5-A546A656FAC8}.BZ.EXP|Any CPU.ActiveCfg = BZ.EXP|Any CPU
		{9F0AE349-6A88-49D2-A5E5-A546A656FAC8}.BZ.EXP|Any CPU.Build.0 = BZ.EXP|Any CPU
		{9F0AE349-6A88-49D2-A5E5-A546A656FAC8}.BZ|Any CPU.ActiveCfg = BZ|Any CPU
		{9F0AE349-6A88-49D2-A5E5-A546A656FAC8}.BZ|Any CPU.Build.0 = BZ|Any CPU
		{9F0AE349-6A88-49D2-A5E5-A546A656FAC8}.SN1.EXP|Any CPU.ActiveCfg = SN1.EXP|Any CPU
		{9F0AE349-6A88-49D2-A5E5-A546A656FAC8}.SN1.EXP|Any CPU.Build.0 = SN1.EXP|Any CPU
		{9F0AE349-6A88-49D2-A5E5-A546A656FAC8}.SN1|Any CPU.ActiveCfg = SN1|Any CPU
		{9F0AE349-6A88-49D2-A5E5-A546A656FAC8}.SN1|Any CPU.Build.0 = SN1|Any CPU
		{1D42B7A1-F38A-44C3-953C-B1722194EEF7}.BZ.EXP|Any CPU.ActiveCfg = BZ.EXP|Any CPU
		{1D42B7A1-F38A-44C3-953C-B1722194EEF7}.BZ|Any CPU.ActiveCfg = BZ|Any CPU
		{1D42B7A1-F38A-44C3-953C-B1722194EEF7}.SN1.EXP|Any CPU.ActiveCfg = SN1.EXP|Any CPU
		{1D42B7A1-F38A-44C3-953C-B1722194EEF7}.SN1.EXP|Any CPU.Build.0 = SN1.EXP|Any CPU
		{1D42B7A1-F38A-44C3-953C-B1722194EEF7}.SN1|Any CPU.ActiveCfg = SN1|Any CPU
		{1D42B7A1-F38A-44C3-953C-B1722194EEF7}.SN1|Any CPU.Build.0 = SN1|Any CPU
		{A52702DF-8161-4435-B3F2-B44B2D047EB0}.BZ.EXP|Any CPU.ActiveCfg = BZ.EXP|Any CPU
		{A52702DF-8161-4435-B3F2-B44B2D047EB0}.BZ|Any CPU.ActiveCfg = BZ|Any CPU
		{A52702DF-8161-4435-B3F2-B44B2D047EB0}.SN1.EXP|Any CPU.ActiveCfg = SN1.EXP|Any CPU
		{A52702DF-8161-4435-B3F2-B44B2D047EB0}.SN1.EXP|Any CPU.Build.0 = SN1.EXP|Any CPU
		{A52702DF-8161-4435-B3F2-B44B2D047EB0}.SN1|Any CPU.ActiveCfg = SN1|Any CPU
		{A52702DF-8161-4435-B3F2-B44B2D047EB0}.SN1|Any CPU.Build.0 = SN1|Any CPU
		{E5518231-00F5-473A-A545-47FDEF9BF604}.BZ.EXP|Any CPU.ActiveCfg = BZ.EXP|Any CPU
		{E5518231-00F5-473A-A545-47FDEF9BF604}.BZ.EXP|Any CPU.Build.0 = BZ.EXP|Any CPU
		{E5518231-00F5-473A-A545-47FDEF9BF604}.BZ|Any CPU.ActiveCfg = BZ|Any CPU
		{E5518231-00F5-473A-A545-47FDEF9BF604}.BZ|Any CPU.Build.0 = BZ|Any CPU
		{E5518231-00F5-473A-A545-47FDEF9BF604}.SN1.EXP|Any CPU.ActiveCfg = SN1.EXP|Any CPU
		{E5518231-00F5-473A-A545-47FDEF9BF604}.SN1.EXP|Any CPU.Build.0 = SN1.EXP|Any CPU
		{E5518231-00F5-473A-A545-47FDEF9BF604}.SN1|Any CPU.ActiveCfg = SN1|Any CPU
		{E5518231-00F5-473A-A545-47FDEF9BF604}.SN1|Any CPU.Build.0 = SN1|Any CPU
		{DCD591D8-8E05-4970-BF42-C5CFF13460F3}.BZ.EXP|Any CPU.ActiveCfg = BZ.EXP|Any CPU
		{DCD591D8-8E05-4970-BF42-C5CFF13460F3}.BZ.EXP|Any CPU.Build.0 = BZ.EXP|Any CPU
		{DCD591D8-8E05-4970-BF42-C5CFF13460F3}.BZ|Any CPU.ActiveCfg = BZ|Any CPU
		{DCD591D8-8E05-4970-BF42-C5CFF13460F3}.BZ|Any CPU.Build.0 = BZ|Any CPU
		{DCD591D8-8E05-4970-BF42-C5CFF13460F3}.SN1.EXP|Any CPU.ActiveCfg = SN1.EXP|Any CPU
		{DCD591D8-8E05-4970-BF42-C5CFF13460F3}.SN1.EXP|Any CPU.Build.0 = SN1.EXP|Any CPU
		{DCD591D8-8E05-4970-BF42-C5CFF13460F3}.SN1|Any CPU.ActiveCfg = SN1|Any CPU
		{DCD591D8-8E05-4970-BF42-C5CFF13460F3}.SN1|Any CPU.Build.0 = SN1|Any CPU
		{0E41A954-92FC-4F7C-8BF3-BF915E99B65F}.BZ.EXP|Any CPU.ActiveCfg = BZ.EXP|Any CPU
		{0E41A954-92FC-4F7C-8BF3-BF915E99B65F}.BZ.EXP|Any CPU.Build.0 = BZ.EXP|Any CPU
		{0E41A954-92FC-4F7C-8BF3-BF915E99B65F}.BZ|Any CPU.ActiveCfg = BZ|Any CPU
		{0E41A954-92FC-4F7C-8BF3-BF915E99B65F}.BZ|Any CPU.Build.0 = BZ|Any CPU
		{0E41A954-92FC-4F7C-8BF3-BF915E99B65F}.SN1.EXP|Any CPU.ActiveCfg = SN1.EXP|Any CPU
		{0E41A954-92FC-4F7C-8BF3-BF915E99B65F}.SN1.EXP|Any CPU.Build.0 = SN1.EXP|Any CPU
		{0E41A954-92FC-4F7C-8BF3-BF915E99B65F}.SN1|Any CPU.ActiveCfg = SN1|Any CPU
		{0E41A954-92FC-4F7C-8BF3-BF915E99B65F}.SN1|Any CPU.Build.0 = SN1|Any CPU
		{622345CD-6789-4A2F-9072-6AEE9FF6776F}.BZ.EXP|Any CPU.ActiveCfg = BZ.EXP|Any CPU
		{622345CD-6789-4A2F-9072-6AEE9FF6776F}.BZ.EXP|Any CPU.Build.0 = BZ.EXP|Any CPU
		{622345CD-6789-4A2F-9072-6AEE9FF6776F}.BZ|Any CPU.ActiveCfg = BZ|Any CPU
		{622345CD-6789-4A2F-9072-6AEE9FF6776F}.BZ|Any CPU.Build.0 = BZ|Any CPU
		{622345CD-6789-4A2F-9072-6AEE9FF6776F}.SN1.EXP|Any CPU.ActiveCfg = SN1.EXP|Any CPU
		{622345CD-6789-4A2F-9072-6AEE9FF6776F}.SN1.EXP|Any CPU.Build.0 = SN1.EXP|Any CPU
		{622345CD-6789-4A2F-9072-6AEE9FF6776F}.SN1|Any CPU.ActiveCfg = SN1|Any CPU
		{622345CD-6789-4A2F-9072-6AEE9FF6776F}.SN1|Any CPU.Build.0 = SN1|Any CPU
	EndGlobalSection
	GlobalSection(SolutionProperties) = preSolution
		HideSolutionNode = FALSE
	EndGlobalSection
	GlobalSection(ExtensibilityGlobals) = postSolution
		SolutionGuid = {142AD324-0677-429F-9FCE-2FC5774F4455}
	EndGlobalSection
EndGlobal
