
Microsoft Visual Studio Solution File, Format Version 12.00
# Visual Studio Version 16
VisualStudioVersion = 16.0.29728.190
MinimumVisualStudioVersion = 10.0.40219.1
Project("{FAE04EC0-301F-11D3-BF4B-00C04F79EFBC}") = "NoEatingSounds", "NoEatingSounds\NoEatingSounds.csproj", "{633C5177-57F7-4746-81D6-EF920939D3F3}"
EndProject
Project("{FAE04EC0-301F-11D3-BF4B-00C04F79EFBC}") = "BuilderModule", "BuilderModule\BuilderModule.csproj", "{99ED7304-8603-4A34-9CBA-A38557A64D00}"
EndProject
Project("{FAE04EC0-301F-11D3-BF4B-00C04F79EFBC}") = "Time Eternal", "Time Eternal\Time Eternal.csproj", "{4F991FD3-1A83-4057-91E2-B7E67097D612}"
EndProject
Project("{FAE04EC0-301F-11D3-BF4B-00C04F79EFBC}") = "All-Items-1x1", "All-Items-1x1\All-Items-1x1.csproj", "{42843B35-B64F-4A46-B314-B76066C2ECB0}"
EndProject
Project("{FAE04EC0-301F-11D3-BF4B-00C04F79EFBC}") = "ClearTheWater", "ClearTheWater\ClearTheWater.csproj", "{B00FA6E4-DDF8-4E30-93CA-226FA30626BB}"
EndProject
Project("{FAE04EC0-301F-11D3-BF4B-00C04F79EFBC}") = "WorldLoad", "WorldLoad\WorldLoad.csproj", "{38555CF2-BED5-45B3-BBC6-D71BA9A69564}"
EndProject
Project("{FAE04EC0-301F-11D3-BF4B-00C04F79EFBC}") = "BuildingTweaks", "BuildingTweaks\BuildingTweaks.csproj", "{B6A7966B-78AF-440C-A262-76AF9929E158}"
EndProject
Project("{FAE04EC0-301F-11D3-BF4B-00C04F79EFBC}") = "BetterACU", "BetterACU\BetterACU.csproj", "{F5703E25-99EC-4420-8F60-9C5AB7139602}"
EndProject
Project("{FAE04EC0-301F-11D3-BF4B-00C04F79EFBC}") = "SpecialtyManifold", "SpecialtyManifold\SpecialtyManifold.csproj", "{800D613A-0790-40E1-BF38-B4AB07BD7813}"
EndProject
Project("{FAE04EC0-301F-11D3-BF4B-00C04F79EFBC}") = "RecyclingBin", "RecyclingBin\RecyclingBin.csproj", "{A942E84F-68B6-4605-B569-575C3B03BEA8}"
EndProject
Project("{FAE04EC0-301F-11D3-BF4B-00C04F79EFBC}") = "WarpersNoWarping", "WarpersNoWarping\WarpersNoWarping.csproj", "{EE814ABE-ADAF-4272-A614-EDE822ED9EBF}"
EndProject
Project("{FAE04EC0-301F-11D3-BF4B-00C04F79EFBC}") = "UnknownName", "UnkownName\UnknownName.csproj", "{2C0E7258-8B6E-4D88-9D7C-8C0D83AF824E}"
EndProject
Project("{FAE04EC0-301F-11D3-BF4B-00C04F79EFBC}") = "DropUpgradesOnDestroy", "DropUpgradesOnDestroy\DropUpgradesOnDestroy.csproj", "{B8542DD2-03F9-47AB-BBF9-CF099724776B}"
EndProject
Project("{FAE04EC0-301F-11D3-BF4B-00C04F79EFBC}") = "BuilderPlaceOnComplete", "BuilderPlaceOnComplete\BuilderPlaceOnComplete.csproj", "{5BF590C1-91DD-440D-83FD-51D71FB308A7}"
EndProject
Project("{FAE04EC0-301F-11D3-BF4B-00C04F79EFBC}") = "NoCrosshair", "NoCrosshair\NoCrosshair.csproj", "{0427286B-5896-4759-A2D5-267CA9D788B3}"
EndProject
Project("{FAE04EC0-301F-11D3-BF4B-00C04F79EFBC}") = "CopperFromScanning", "CopperFromScanning\CopperFromScanning.csproj", "{39D89138-712E-4904-AB9A-1F18AE384994}"
EndProject
Project("{2150E333-8FDC-42A3-9474-1A3956D46DE8}") = "Solution Items", "Solution Items", "{AA062622-A384-47D7-B9EA-87A9E8958E5A}"
	ProjectSection(SolutionItems) = preProject
		.editorconfig = .editorconfig
		GameDir.targets = GameDir.targets
	EndProjectSection
EndProject
Project("{FAE04EC0-301F-11D3-BF4B-00C04F79EFBC}") = "CustomHullPlates", "CustomHullPlates\CustomHullPlates.csproj", "{1862AEC1-34F6-48E8-A2E9-5CDCF1B140F3}"
EndProject
Project("{FAE04EC0-301F-11D3-BF4B-00C04F79EFBC}") = "CustomPosters", "CustomPosters\CustomPosters.csproj", "{E9F3907E-65B6-4C55-99A8-5141E3F48A94}"
EndProject
Project("{FAE04EC0-301F-11D3-BF4B-00C04F79EFBC}") = "IncreasedChunkDrops", "IncreasedChunkDrops\IncreasedChunkDrops.csproj", "{005B56E9-8AD6-4333-8351-378A5210D282}"
EndProject
Project("{FAE04EC0-301F-11D3-BF4B-00C04F79EFBC}") = "More Drillable Resources", "More Dillable Resources\More Drillable Resources.csproj", "{1EF67F4A-AFDA-48A0-832B-BC180E010150}"
EndProject
Project("{FAE04EC0-301F-11D3-BF4B-00C04F79EFBC}") = "Increased Resource Spawns", "Increased Resource Spawns\Increased Resource Spawns.csproj", "{A934EAB2-DB38-4BBA-A455-12FE900C1C80}"
EndProject
Project("{FAE04EC0-301F-11D3-BF4B-00C04F79EFBC}") = "AquariumOverflow", "AquariumOverflow\AquariumOverflow.csproj", "{78E76141-C9C2-4663-AE3E-54F19C363A1D}"
EndProject
Global
	GlobalSection(SolutionConfigurationPlatforms) = preSolution
		BelowZero|Any CPU = BelowZero|Any CPU
		Subnautica|Any CPU = Subnautica|Any CPU
	EndGlobalSection
	GlobalSection(ProjectConfigurationPlatforms) = postSolution
		{633C5177-57F7-4746-81D6-EF920939D3F3}.BelowZero|Any CPU.ActiveCfg = BelowZero|Any CPU
		{633C5177-57F7-4746-81D6-EF920939D3F3}.Subnautica|Any CPU.ActiveCfg = Subnautica|Any CPU
		{633C5177-57F7-4746-81D6-EF920939D3F3}.Subnautica|Any CPU.Build.0 = Subnautica|Any CPU
		{99ED7304-8603-4A34-9CBA-A38557A64D00}.BelowZero|Any CPU.ActiveCfg = BelowZero|Any CPU
		{99ED7304-8603-4A34-9CBA-A38557A64D00}.BelowZero|Any CPU.Build.0 = BelowZero|Any CPU
		{99ED7304-8603-4A34-9CBA-A38557A64D00}.Subnautica|Any CPU.ActiveCfg = Subnautica|Any CPU
		{99ED7304-8603-4A34-9CBA-A38557A64D00}.Subnautica|Any CPU.Build.0 = Subnautica|Any CPU
		{4F991FD3-1A83-4057-91E2-B7E67097D612}.BelowZero|Any CPU.ActiveCfg = BelowZero|Any CPU
		{4F991FD3-1A83-4057-91E2-B7E67097D612}.BelowZero|Any CPU.Build.0 = BelowZero|Any CPU
		{4F991FD3-1A83-4057-91E2-B7E67097D612}.Subnautica|Any CPU.ActiveCfg = Subnautica|Any CPU
		{4F991FD3-1A83-4057-91E2-B7E67097D612}.Subnautica|Any CPU.Build.0 = Subnautica|Any CPU
		{42843B35-B64F-4A46-B314-B76066C2ECB0}.BelowZero|Any CPU.ActiveCfg = BelowZero|Any CPU
		{42843B35-B64F-4A46-B314-B76066C2ECB0}.BelowZero|Any CPU.Build.0 = BelowZero|Any CPU
		{42843B35-B64F-4A46-B314-B76066C2ECB0}.Subnautica|Any CPU.ActiveCfg = Subnautica|Any CPU
		{42843B35-B64F-4A46-B314-B76066C2ECB0}.Subnautica|Any CPU.Build.0 = Subnautica|Any CPU
		{B00FA6E4-DDF8-4E30-93CA-226FA30626BB}.BelowZero|Any CPU.ActiveCfg = BelowZero|Any CPU
		{B00FA6E4-DDF8-4E30-93CA-226FA30626BB}.BelowZero|Any CPU.Build.0 = BelowZero|Any CPU
		{B00FA6E4-DDF8-4E30-93CA-226FA30626BB}.Subnautica|Any CPU.ActiveCfg = Subnautica|Any CPU
		{B00FA6E4-DDF8-4E30-93CA-226FA30626BB}.Subnautica|Any CPU.Build.0 = Subnautica|Any CPU
		{38555CF2-BED5-45B3-BBC6-D71BA9A69564}.BelowZero|Any CPU.ActiveCfg = BelowZero|Any CPU
		{38555CF2-BED5-45B3-BBC6-D71BA9A69564}.BelowZero|Any CPU.Build.0 = BelowZero|Any CPU
		{38555CF2-BED5-45B3-BBC6-D71BA9A69564}.Subnautica|Any CPU.ActiveCfg = Subnautica|Any CPU
		{38555CF2-BED5-45B3-BBC6-D71BA9A69564}.Subnautica|Any CPU.Build.0 = Subnautica|Any CPU
		{B6A7966B-78AF-440C-A262-76AF9929E158}.BelowZero|Any CPU.ActiveCfg = BelowZero|Any CPU
		{B6A7966B-78AF-440C-A262-76AF9929E158}.BelowZero|Any CPU.Build.0 = BelowZero|Any CPU
		{B6A7966B-78AF-440C-A262-76AF9929E158}.Subnautica|Any CPU.ActiveCfg = Subnautica|Any CPU
		{B6A7966B-78AF-440C-A262-76AF9929E158}.Subnautica|Any CPU.Build.0 = Subnautica|Any CPU
		{F5703E25-99EC-4420-8F60-9C5AB7139602}.BelowZero|Any CPU.ActiveCfg = BelowZero|Any CPU
		{F5703E25-99EC-4420-8F60-9C5AB7139602}.BelowZero|Any CPU.Build.0 = BelowZero|Any CPU
		{F5703E25-99EC-4420-8F60-9C5AB7139602}.Subnautica|Any CPU.ActiveCfg = Subnautica|Any CPU
		{F5703E25-99EC-4420-8F60-9C5AB7139602}.Subnautica|Any CPU.Build.0 = Subnautica|Any CPU
		{800D613A-0790-40E1-BF38-B4AB07BD7813}.BelowZero|Any CPU.ActiveCfg = BelowZero|Any CPU
		{800D613A-0790-40E1-BF38-B4AB07BD7813}.Subnautica|Any CPU.ActiveCfg = Subnautica|Any CPU
		{800D613A-0790-40E1-BF38-B4AB07BD7813}.Subnautica|Any CPU.Build.0 = Subnautica|Any CPU
		{A942E84F-68B6-4605-B569-575C3B03BEA8}.BelowZero|Any CPU.ActiveCfg = BelowZero|Any CPU
		{A942E84F-68B6-4605-B569-575C3B03BEA8}.BelowZero|Any CPU.Build.0 = BelowZero|Any CPU
		{A942E84F-68B6-4605-B569-575C3B03BEA8}.Subnautica|Any CPU.ActiveCfg = Subnautica|Any CPU
		{A942E84F-68B6-4605-B569-575C3B03BEA8}.Subnautica|Any CPU.Build.0 = Subnautica|Any CPU
		{EE814ABE-ADAF-4272-A614-EDE822ED9EBF}.BelowZero|Any CPU.ActiveCfg = BelowZero|Any CPU
		{EE814ABE-ADAF-4272-A614-EDE822ED9EBF}.Subnautica|Any CPU.ActiveCfg = Subnautica|Any CPU
		{EE814ABE-ADAF-4272-A614-EDE822ED9EBF}.Subnautica|Any CPU.Build.0 = Subnautica|Any CPU
		{2C0E7258-8B6E-4D88-9D7C-8C0D83AF824E}.BelowZero|Any CPU.ActiveCfg = BelowZero|Any CPU
		{2C0E7258-8B6E-4D88-9D7C-8C0D83AF824E}.BelowZero|Any CPU.Build.0 = BelowZero|Any CPU
		{2C0E7258-8B6E-4D88-9D7C-8C0D83AF824E}.Subnautica|Any CPU.ActiveCfg = Subnautica|Any CPU
		{2C0E7258-8B6E-4D88-9D7C-8C0D83AF824E}.Subnautica|Any CPU.Build.0 = Subnautica|Any CPU
		{B8542DD2-03F9-47AB-BBF9-CF099724776B}.BelowZero|Any CPU.ActiveCfg = BelowZero|Any CPU
		{B8542DD2-03F9-47AB-BBF9-CF099724776B}.BelowZero|Any CPU.Build.0 = BelowZero|Any CPU
		{B8542DD2-03F9-47AB-BBF9-CF099724776B}.Subnautica|Any CPU.ActiveCfg = Subnautica|Any CPU
		{B8542DD2-03F9-47AB-BBF9-CF099724776B}.Subnautica|Any CPU.Build.0 = Subnautica|Any CPU
		{5BF590C1-91DD-440D-83FD-51D71FB308A7}.BelowZero|Any CPU.ActiveCfg = BelowZero|Any CPU
		{5BF590C1-91DD-440D-83FD-51D71FB308A7}.Subnautica|Any CPU.ActiveCfg = Subnautica|Any CPU
		{5BF590C1-91DD-440D-83FD-51D71FB308A7}.Subnautica|Any CPU.Build.0 = Subnautica|Any CPU
		{0427286B-5896-4759-A2D5-267CA9D788B3}.BelowZero|Any CPU.ActiveCfg = BelowZero|Any CPU
		{0427286B-5896-4759-A2D5-267CA9D788B3}.BelowZero|Any CPU.Build.0 = BelowZero|Any CPU
		{0427286B-5896-4759-A2D5-267CA9D788B3}.Subnautica|Any CPU.ActiveCfg = Subnautica|Any CPU
		{0427286B-5896-4759-A2D5-267CA9D788B3}.Subnautica|Any CPU.Build.0 = Subnautica|Any CPU
		{39D89138-712E-4904-AB9A-1F18AE384994}.BelowZero|Any CPU.ActiveCfg = BelowZero|Any CPU
		{39D89138-712E-4904-AB9A-1F18AE384994}.BelowZero|Any CPU.Build.0 = BelowZero|Any CPU
		{39D89138-712E-4904-AB9A-1F18AE384994}.Subnautica|Any CPU.ActiveCfg = Subnautica|Any CPU
		{39D89138-712E-4904-AB9A-1F18AE384994}.Subnautica|Any CPU.Build.0 = Subnautica|Any CPU
		{1862AEC1-34F6-48E8-A2E9-5CDCF1B140F3}.BelowZero|Any CPU.ActiveCfg = BelowZero|Any CPU
		{1862AEC1-34F6-48E8-A2E9-5CDCF1B140F3}.BelowZero|Any CPU.Build.0 = BelowZero|Any CPU
		{1862AEC1-34F6-48E8-A2E9-5CDCF1B140F3}.Subnautica|Any CPU.ActiveCfg = Subnautica|Any CPU
		{1862AEC1-34F6-48E8-A2E9-5CDCF1B140F3}.Subnautica|Any CPU.Build.0 = Subnautica|Any CPU
		{E9F3907E-65B6-4C55-99A8-5141E3F48A94}.BelowZero|Any CPU.ActiveCfg = BelowZero|Any CPU
		{E9F3907E-65B6-4C55-99A8-5141E3F48A94}.BelowZero|Any CPU.Build.0 = BelowZero|Any CPU
		{E9F3907E-65B6-4C55-99A8-5141E3F48A94}.Subnautica|Any CPU.ActiveCfg = Subnautica|Any CPU
		{E9F3907E-65B6-4C55-99A8-5141E3F48A94}.Subnautica|Any CPU.Build.0 = Subnautica|Any CPU
		{005B56E9-8AD6-4333-8351-378A5210D282}.BelowZero|Any CPU.ActiveCfg = BelowZero|Any CPU
		{005B56E9-8AD6-4333-8351-378A5210D282}.BelowZero|Any CPU.Build.0 = BelowZero|Any CPU
		{005B56E9-8AD6-4333-8351-378A5210D282}.Subnautica|Any CPU.ActiveCfg = Subnautica|Any CPU
		{005B56E9-8AD6-4333-8351-378A5210D282}.Subnautica|Any CPU.Build.0 = Subnautica|Any CPU
		{1EF67F4A-AFDA-48A0-832B-BC180E010150}.BelowZero|Any CPU.ActiveCfg = BelowZero|Any CPU
		{1EF67F4A-AFDA-48A0-832B-BC180E010150}.Subnautica|Any CPU.ActiveCfg = Subnautica|Any CPU
		{1EF67F4A-AFDA-48A0-832B-BC180E010150}.Subnautica|Any CPU.Build.0 = Subnautica|Any CPU
		{A934EAB2-DB38-4BBA-A455-12FE900C1C80}.BelowZero|Any CPU.ActiveCfg = BelowZero|Any CPU
		{A934EAB2-DB38-4BBA-A455-12FE900C1C80}.BelowZero|Any CPU.Build.0 = BelowZero|Any CPU
		{A934EAB2-DB38-4BBA-A455-12FE900C1C80}.Subnautica|Any CPU.ActiveCfg = Subnautica|Any CPU
		{A934EAB2-DB38-4BBA-A455-12FE900C1C80}.Subnautica|Any CPU.Build.0 = Subnautica|Any CPU
		{78E76141-C9C2-4663-AE3E-54F19C363A1D}.BelowZero|Any CPU.ActiveCfg = BelowZero|Any CPU
		{78E76141-C9C2-4663-AE3E-54F19C363A1D}.Subnautica|Any CPU.ActiveCfg = Subnautica|Any CPU
		{78E76141-C9C2-4663-AE3E-54F19C363A1D}.Subnautica|Any CPU.Build.0 = Subnautica|Any CPU
	EndGlobalSection
	GlobalSection(SolutionProperties) = preSolution
		HideSolutionNode = FALSE
	EndGlobalSection
	GlobalSection(ExtensibilityGlobals) = postSolution
		SolutionGuid = {142AD324-0677-429F-9FCE-2FC5774F4455}
	EndGlobalSection
EndGlobal
