
Microsoft Visual Studio Solution File, Format Version 12.00
# Visual Studio Version 16
VisualStudioVersion = 16.0.29728.190
MinimumVisualStudioVersion = 10.0.40219.1
Project("{FAE04EC0-301F-11D3-BF4B-00C04F79EFBC}") = "MoreSeamothDepth", "MoreSeamothDepth\MoreSeamothDepth.csproj", "{D159BCDE-6F5B-4B9B-8074-DA78E0C1B122}"
EndProject
Project("{FAE04EC0-301F-11D3-BF4B-00C04F79EFBC}") = "NoEatingSounds", "NoEatingSounds\NoEatingSounds.csproj", "{633C5177-57F7-4746-81D6-EF920939D3F3}"
EndProject
Project("{FAE04EC0-301F-11D3-BF4B-00C04F79EFBC}") = "NoOxygenWarnings", "NoOxygenWarnings\NoOxygenWarnings.csproj", "{4C936D3D-10EA-4015-B7BA-E0727CBA8B36}"
EndProject
Project("{FAE04EC0-301F-11D3-BF4B-00C04F79EFBC}") = "ResourceOverload", "ResourceOverload\ResourceOverload.csproj", "{443EC630-9124-4B76-91DE-FE7628C46ED2}"
EndProject
Project("{FAE04EC0-301F-11D3-BF4B-00C04F79EFBC}") = "SaveTheSunbeam", "SaveTheSunbeam\SaveTheSunbeam.csproj", "{1188256B-FA04-4FC6-8992-8F8D9165D9AB}"
EndProject
Project("{FAE04EC0-301F-11D3-BF4B-00C04F79EFBC}") = "BuilderModule", "BuilderModule\BuilderModule.csproj", "{99ED7304-8603-4A34-9CBA-A38557A64D00}"
EndProject
Project("{FAE04EC0-301F-11D3-BF4B-00C04F79EFBC}") = "BuilderModuleInputFix", "BuilderModuleInputFix\BuilderModuleInputFix.csproj", "{B7142774-ABD2-4615-979E-4E31F183314D}"
EndProject
Project("{FAE04EC0-301F-11D3-BF4B-00C04F79EFBC}") = "Time Eternal", "Time Eternal\Time Eternal.csproj", "{4F991FD3-1A83-4057-91E2-B7E67097D612}"
EndProject
Project("{FAE04EC0-301F-11D3-BF4B-00C04F79EFBC}") = "LeviathansNeverFlee", "LeviathansNeverFlee\LeviathansNeverFlee.csproj", "{B36386D8-531A-4FFA-A42B-7C44F74227DB}"
EndProject
Project("{FAE04EC0-301F-11D3-BF4B-00C04F79EFBC}") = "All-Items-1x1", "All-Items-1x1\All-Items-1x1.csproj", "{42843B35-B64F-4A46-B314-B76066C2ECB0}"
EndProject
Project("{FAE04EC0-301F-11D3-BF4B-00C04F79EFBC}") = "ClearTheWater", "ClearTheWater\ClearTheWater.csproj", "{B00FA6E4-DDF8-4E30-93CA-226FA30626BB}"
EndProject
Project("{FAE04EC0-301F-11D3-BF4B-00C04F79EFBC}") = "WorldLoad", "WorldLoad\WorldLoad.csproj", "{38555CF2-BED5-45B3-BBC6-D71BA9A69564}"
EndProject
Project("{FAE04EC0-301F-11D3-BF4B-00C04F79EFBC}") = "BuildingTweaks", "BuildingTweaks\BuildingTweaks.csproj", "{B6A7966B-78AF-440C-A262-76AF9929E158}"
EndProject
Project("{FAE04EC0-301F-11D3-BF4B-00C04F79EFBC}") = "BetterACU", "BetterACU\BetterACU.csproj", "{F5703E25-99EC-4420-8F60-9C5AB7139602}"
EndProject
Project("{FAE04EC0-301F-11D3-BF4B-00C04F79EFBC}") = "SpecialtyManifold", "SpecialtyManifold\SpecialtyManifold.csproj", "{800D613A-0790-40E1-BF38-B4AB07BD7813}"
EndProject
Project("{FAE04EC0-301F-11D3-BF4B-00C04F79EFBC}") = "RecyclingBin", "RecyclingBin\RecyclingBin.csproj", "{A942E84F-68B6-4605-B569-575C3B03BEA8}"
EndProject
Project("{FAE04EC0-301F-11D3-BF4B-00C04F79EFBC}") = "ChargeRequired", "ChargeRequired\ChargeRequired.csproj", "{01F927B1-7979-4D9B-B242-4A368B71CDF8}"
EndProject
Project("{FAE04EC0-301F-11D3-BF4B-00C04F79EFBC}") = "WarpersNoWarping", "WarpersNoWarping\WarpersNoWarping.csproj", "{EE814ABE-ADAF-4272-A614-EDE822ED9EBF}"
EndProject
Project("{FAE04EC0-301F-11D3-BF4B-00C04F79EFBC}") = "UnkownName", "UnkownName\UnkownName.csproj", "{2C0E7258-8B6E-4D88-9D7C-8C0D83AF824E}"
EndProject
Project("{FAE04EC0-301F-11D3-BF4B-00C04F79EFBC}") = "DropUpgradesOnDestroy", "DropUpgradesOnDestroy\DropUpgradesOnDestroy.csproj", "{B8542DD2-03F9-47AB-BBF9-CF099724776B}"
EndProject
Project("{FAE04EC0-301F-11D3-BF4B-00C04F79EFBC}") = "BuilderPlaceOnComplete", "BuilderPlaceOnComplete\BuilderPlaceOnComplete.csproj", "{5BF590C1-91DD-440D-83FD-51D71FB308A7}"
EndProject
Project("{D954291E-2A0B-460D-934E-DC6B0785DB48}") = "SimplePatch", "Common\SimplePatch.shproj", "{102ED509-DBEA-4738-8948-93C60BE4FB0D}"
EndProject
Global
	GlobalSection(SharedMSBuildProjectFiles) = preSolution
		Common\Common.projitems*{01f927b1-7979-4d9b-b242-4a368b71cdf8}*SharedItemsImports = 4
		Common\Common.projitems*{102ed509-dbea-4738-8948-93c60be4fb0d}*SharedItemsImports = 13
		Common\Common.projitems*{1188256b-fa04-4fc6-8992-8f8d9165d9ab}*SharedItemsImports = 4
		Common\Common.projitems*{2c0e7258-8b6e-4d88-9d7c-8c0d83af824e}*SharedItemsImports = 4
		Common\Common.projitems*{42843b35-b64f-4a46-b314-b76066c2ecb0}*SharedItemsImports = 4
		Common\Common.projitems*{4c936d3d-10ea-4015-b7ba-e0727cba8b36}*SharedItemsImports = 4
		Common\Common.projitems*{5bf590c1-91dd-440d-83fd-51d71fb308a7}*SharedItemsImports = 4
		Common\Common.projitems*{633c5177-57f7-4746-81d6-ef920939d3f3}*SharedItemsImports = 4
		Common\Common.projitems*{b00fa6e4-ddf8-4e30-93ca-226fa30626bb}*SharedItemsImports = 4
		Common\Common.projitems*{b36386d8-531a-4ffa-a42b-7c44f74227db}*SharedItemsImports = 4
		Common\Common.projitems*{b6a7966b-78af-440c-a262-76af9929e158}*SharedItemsImports = 4
		Common\Common.projitems*{b7142774-abd2-4615-979e-4e31f183314d}*SharedItemsImports = 4
		Common\Common.projitems*{b8542dd2-03f9-47ab-bbf9-cf099724776b}*SharedItemsImports = 4
		Common\Common.projitems*{ee814abe-adaf-4272-a614-ede822ed9ebf}*SharedItemsImports = 4
	EndGlobalSection
	GlobalSection(SolutionConfigurationPlatforms) = preSolution
		Debug|Any CPU = Debug|Any CPU
		Release|Any CPU = Release|Any CPU
	EndGlobalSection
	GlobalSection(ProjectConfigurationPlatforms) = postSolution
		{D159BCDE-6F5B-4B9B-8074-DA78E0C1B122}.Debug|Any CPU.ActiveCfg = Debug|Any CPU
		{D159BCDE-6F5B-4B9B-8074-DA78E0C1B122}.Debug|Any CPU.Build.0 = Debug|Any CPU
		{D159BCDE-6F5B-4B9B-8074-DA78E0C1B122}.Release|Any CPU.ActiveCfg = Release|Any CPU
		{D159BCDE-6F5B-4B9B-8074-DA78E0C1B122}.Release|Any CPU.Build.0 = Release|Any CPU
		{633C5177-57F7-4746-81D6-EF920939D3F3}.Debug|Any CPU.ActiveCfg = Debug|Any CPU
		{633C5177-57F7-4746-81D6-EF920939D3F3}.Debug|Any CPU.Build.0 = Debug|Any CPU
		{633C5177-57F7-4746-81D6-EF920939D3F3}.Release|Any CPU.ActiveCfg = Release|Any CPU
		{633C5177-57F7-4746-81D6-EF920939D3F3}.Release|Any CPU.Build.0 = Release|Any CPU
		{4C936D3D-10EA-4015-B7BA-E0727CBA8B36}.Debug|Any CPU.ActiveCfg = Debug|Any CPU
		{4C936D3D-10EA-4015-B7BA-E0727CBA8B36}.Debug|Any CPU.Build.0 = Debug|Any CPU
		{4C936D3D-10EA-4015-B7BA-E0727CBA8B36}.Release|Any CPU.ActiveCfg = Release|Any CPU
		{4C936D3D-10EA-4015-B7BA-E0727CBA8B36}.Release|Any CPU.Build.0 = Release|Any CPU
		{443EC630-9124-4B76-91DE-FE7628C46ED2}.Debug|Any CPU.ActiveCfg = Debug|Any CPU
		{443EC630-9124-4B76-91DE-FE7628C46ED2}.Debug|Any CPU.Build.0 = Debug|Any CPU
		{443EC630-9124-4B76-91DE-FE7628C46ED2}.Release|Any CPU.ActiveCfg = Release|Any CPU
		{443EC630-9124-4B76-91DE-FE7628C46ED2}.Release|Any CPU.Build.0 = Release|Any CPU
		{1188256B-FA04-4FC6-8992-8F8D9165D9AB}.Debug|Any CPU.ActiveCfg = Debug|Any CPU
		{1188256B-FA04-4FC6-8992-8F8D9165D9AB}.Debug|Any CPU.Build.0 = Debug|Any CPU
		{1188256B-FA04-4FC6-8992-8F8D9165D9AB}.Release|Any CPU.ActiveCfg = Release|Any CPU
		{1188256B-FA04-4FC6-8992-8F8D9165D9AB}.Release|Any CPU.Build.0 = Release|Any CPU
		{99ED7304-8603-4A34-9CBA-A38557A64D00}.Debug|Any CPU.ActiveCfg = Debug|Any CPU
		{99ED7304-8603-4A34-9CBA-A38557A64D00}.Debug|Any CPU.Build.0 = Debug|Any CPU
		{99ED7304-8603-4A34-9CBA-A38557A64D00}.Release|Any CPU.ActiveCfg = Release|Any CPU
		{99ED7304-8603-4A34-9CBA-A38557A64D00}.Release|Any CPU.Build.0 = Release|Any CPU
		{B7142774-ABD2-4615-979E-4E31F183314D}.Debug|Any CPU.ActiveCfg = Debug|Any CPU
		{B7142774-ABD2-4615-979E-4E31F183314D}.Debug|Any CPU.Build.0 = Debug|Any CPU
		{B7142774-ABD2-4615-979E-4E31F183314D}.Release|Any CPU.ActiveCfg = Release|Any CPU
		{B7142774-ABD2-4615-979E-4E31F183314D}.Release|Any CPU.Build.0 = Release|Any CPU
		{4F991FD3-1A83-4057-91E2-B7E67097D612}.Debug|Any CPU.ActiveCfg = Debug|Any CPU
		{4F991FD3-1A83-4057-91E2-B7E67097D612}.Debug|Any CPU.Build.0 = Debug|Any CPU
		{4F991FD3-1A83-4057-91E2-B7E67097D612}.Release|Any CPU.ActiveCfg = Release|Any CPU
		{4F991FD3-1A83-4057-91E2-B7E67097D612}.Release|Any CPU.Build.0 = Release|Any CPU
		{B36386D8-531A-4FFA-A42B-7C44F74227DB}.Debug|Any CPU.ActiveCfg = Debug|Any CPU
		{B36386D8-531A-4FFA-A42B-7C44F74227DB}.Debug|Any CPU.Build.0 = Debug|Any CPU
		{B36386D8-531A-4FFA-A42B-7C44F74227DB}.Release|Any CPU.ActiveCfg = Release|Any CPU
		{B36386D8-531A-4FFA-A42B-7C44F74227DB}.Release|Any CPU.Build.0 = Release|Any CPU
		{42843B35-B64F-4A46-B314-B76066C2ECB0}.Debug|Any CPU.ActiveCfg = Debug|Any CPU
		{42843B35-B64F-4A46-B314-B76066C2ECB0}.Debug|Any CPU.Build.0 = Debug|Any CPU
		{42843B35-B64F-4A46-B314-B76066C2ECB0}.Release|Any CPU.ActiveCfg = Release|Any CPU
		{42843B35-B64F-4A46-B314-B76066C2ECB0}.Release|Any CPU.Build.0 = Release|Any CPU
		{B00FA6E4-DDF8-4E30-93CA-226FA30626BB}.Debug|Any CPU.ActiveCfg = Debug|Any CPU
		{B00FA6E4-DDF8-4E30-93CA-226FA30626BB}.Debug|Any CPU.Build.0 = Debug|Any CPU
		{B00FA6E4-DDF8-4E30-93CA-226FA30626BB}.Release|Any CPU.ActiveCfg = Release|Any CPU
		{B00FA6E4-DDF8-4E30-93CA-226FA30626BB}.Release|Any CPU.Build.0 = Release|Any CPU
		{38555CF2-BED5-45B3-BBC6-D71BA9A69564}.Debug|Any CPU.ActiveCfg = Debug|Any CPU
		{38555CF2-BED5-45B3-BBC6-D71BA9A69564}.Debug|Any CPU.Build.0 = Debug|Any CPU
		{38555CF2-BED5-45B3-BBC6-D71BA9A69564}.Release|Any CPU.ActiveCfg = Release|Any CPU
		{38555CF2-BED5-45B3-BBC6-D71BA9A69564}.Release|Any CPU.Build.0 = Release|Any CPU
		{B6A7966B-78AF-440C-A262-76AF9929E158}.Debug|Any CPU.ActiveCfg = Debug|Any CPU
		{B6A7966B-78AF-440C-A262-76AF9929E158}.Debug|Any CPU.Build.0 = Debug|Any CPU
		{B6A7966B-78AF-440C-A262-76AF9929E158}.Release|Any CPU.ActiveCfg = Release|Any CPU
		{B6A7966B-78AF-440C-A262-76AF9929E158}.Release|Any CPU.Build.0 = Release|Any CPU
		{F5703E25-99EC-4420-8F60-9C5AB7139602}.Debug|Any CPU.ActiveCfg = Debug|Any CPU
		{F5703E25-99EC-4420-8F60-9C5AB7139602}.Debug|Any CPU.Build.0 = Debug|Any CPU
		{F5703E25-99EC-4420-8F60-9C5AB7139602}.Release|Any CPU.ActiveCfg = Release|Any CPU
		{F5703E25-99EC-4420-8F60-9C5AB7139602}.Release|Any CPU.Build.0 = Release|Any CPU
		{800D613A-0790-40E1-BF38-B4AB07BD7813}.Debug|Any CPU.ActiveCfg = Debug|Any CPU
		{800D613A-0790-40E1-BF38-B4AB07BD7813}.Debug|Any CPU.Build.0 = Debug|Any CPU
		{800D613A-0790-40E1-BF38-B4AB07BD7813}.Release|Any CPU.ActiveCfg = Release|Any CPU
		{800D613A-0790-40E1-BF38-B4AB07BD7813}.Release|Any CPU.Build.0 = Release|Any CPU
		{A942E84F-68B6-4605-B569-575C3B03BEA8}.Debug|Any CPU.ActiveCfg = Debug|Any CPU
		{A942E84F-68B6-4605-B569-575C3B03BEA8}.Debug|Any CPU.Build.0 = Debug|Any CPU
		{A942E84F-68B6-4605-B569-575C3B03BEA8}.Release|Any CPU.ActiveCfg = Release|Any CPU
		{A942E84F-68B6-4605-B569-575C3B03BEA8}.Release|Any CPU.Build.0 = Release|Any CPU
		{01F927B1-7979-4D9B-B242-4A368B71CDF8}.Debug|Any CPU.ActiveCfg = Debug|Any CPU
		{01F927B1-7979-4D9B-B242-4A368B71CDF8}.Debug|Any CPU.Build.0 = Debug|Any CPU
		{01F927B1-7979-4D9B-B242-4A368B71CDF8}.Release|Any CPU.ActiveCfg = Release|Any CPU
		{01F927B1-7979-4D9B-B242-4A368B71CDF8}.Release|Any CPU.Build.0 = Release|Any CPU
		{EE814ABE-ADAF-4272-A614-EDE822ED9EBF}.Debug|Any CPU.ActiveCfg = Debug|Any CPU
		{EE814ABE-ADAF-4272-A614-EDE822ED9EBF}.Debug|Any CPU.Build.0 = Debug|Any CPU
		{EE814ABE-ADAF-4272-A614-EDE822ED9EBF}.Release|Any CPU.ActiveCfg = Release|Any CPU
		{EE814ABE-ADAF-4272-A614-EDE822ED9EBF}.Release|Any CPU.Build.0 = Release|Any CPU
		{2C0E7258-8B6E-4D88-9D7C-8C0D83AF824E}.Debug|Any CPU.ActiveCfg = Debug|Any CPU
		{2C0E7258-8B6E-4D88-9D7C-8C0D83AF824E}.Debug|Any CPU.Build.0 = Debug|Any CPU
		{2C0E7258-8B6E-4D88-9D7C-8C0D83AF824E}.Release|Any CPU.ActiveCfg = Release|Any CPU
		{2C0E7258-8B6E-4D88-9D7C-8C0D83AF824E}.Release|Any CPU.Build.0 = Release|Any CPU
		{B8542DD2-03F9-47AB-BBF9-CF099724776B}.Debug|Any CPU.ActiveCfg = Debug|Any CPU
		{B8542DD2-03F9-47AB-BBF9-CF099724776B}.Debug|Any CPU.Build.0 = Debug|Any CPU
		{B8542DD2-03F9-47AB-BBF9-CF099724776B}.Release|Any CPU.ActiveCfg = Release|Any CPU
		{B8542DD2-03F9-47AB-BBF9-CF099724776B}.Release|Any CPU.Build.0 = Release|Any CPU
		{5BF590C1-91DD-440D-83FD-51D71FB308A7}.Debug|Any CPU.ActiveCfg = Debug|Any CPU
		{5BF590C1-91DD-440D-83FD-51D71FB308A7}.Debug|Any CPU.Build.0 = Debug|Any CPU
		{5BF590C1-91DD-440D-83FD-51D71FB308A7}.Release|Any CPU.ActiveCfg = Release|Any CPU
		{5BF590C1-91DD-440D-83FD-51D71FB308A7}.Release|Any CPU.Build.0 = Release|Any CPU
	EndGlobalSection
	GlobalSection(SolutionProperties) = preSolution
		HideSolutionNode = FALSE
	EndGlobalSection
	GlobalSection(ExtensibilityGlobals) = postSolution
		SolutionGuid = {142AD324-0677-429F-9FCE-2FC5774F4455}
	EndGlobalSection
EndGlobal
