
Microsoft Visual Studio Solution File, Format Version 12.00
# Visual Studio Version 16
VisualStudioVersion = 16.0.29123.88
MinimumVisualStudioVersion = 10.0.40219.1
Project("{FAE04EC0-301F-11D3-BF4B-00C04F79EFBC}") = "NoOxygenWarnings", "NoOxygenWarnings.csproj", "{633C5177-57F7-4746-81D6-EF920939D3F3}"
EndProject
Global
	GlobalSection(SolutionConfigurationPlatforms) = preSolution
		Debug|Any CPU = Debug|Any CPU
		Release|Any CPU = Release|Any CPU
	EndGlobalSection
	GlobalSection(ProjectConfigurationPlatforms) = postSolution
		{633C5177-57F7-4746-81D6-EF920939D3F3}.Debug|Any CPU.ActiveCfg = Debug|Any CPU
		{633C5177-57F7-4746-81D6-EF920939D3F3}.Debug|Any CPU.Build.0 = Debug|Any CPU
		{633C5177-57F7-4746-81D6-EF920939D3F3}.Release|Any CPU.ActiveCfg = Release|Any CPU
		{633C5177-57F7-4746-81D6-EF920939D3F3}.Release|Any CPU.Build.0 = Release|Any CPU
	EndGlobalSection
	GlobalSection(SolutionProperties) = preSolution
		HideSolutionNode = FALSE
	EndGlobalSection
	GlobalSection(ExtensibilityGlobals) = postSolution
		SolutionGuid = {34476C9F-F9B4-468A-80D1-6A382F4811FF}
	EndGlobalSection
EndGlobal
